
Microsoft Visual Studio Solution File, Format Version 12.00
# Visual Studio 15
VisualStudioVersion = 15.0.27130.2026
MinimumVisualStudioVersion = 10.0.40219.1
Project("{8BC9CEB8-8B4A-11D0-8D11-00A0C91BC942}") = "OpenCV", "OpenCV\OpenCV.vcxproj", "{F18C3078-D8E2-4983-8034-8A4C396776AA}"
EndProject
Global
	GlobalSection(SolutionConfigurationPlatforms) = preSolution
		Debug|x64 = Debug|x64
		Debug|x86 = Debug|x86
		Release|x64 = Release|x64
		Release|x86 = Release|x86
	EndGlobalSection
	GlobalSection(ProjectConfigurationPlatforms) = postSolution
		{F18C3078-D8E2-4983-8034-8A4C396776AA}.Debug|x64.ActiveCfg = Debug|x64
		{F18C3078-D8E2-4983-8034-8A4C396776AA}.Debug|x64.Build.0 = Debug|x64
		{F18C3078-D8E2-4983-8034-8A4C396776AA}.Debug|x86.ActiveCfg = Debug|Win32
		{F18C3078-D8E2-4983-8034-8A4C396776AA}.Debug|x86.Build.0 = Debug|Win32
		{F18C3078-D8E2-4983-8034-8A4C396776AA}.Release|x64.ActiveCfg = Release|x64
		{F18C3078-D8E2-4983-8034-8A4C396776AA}.Release|x64.Build.0 = Release|x64
		{F18C3078-D8E2-4983-8034-8A4C396776AA}.Release|x86.ActiveCfg = Release|Win32
		{F18C3078-D8E2-4983-8034-8A4C396776AA}.Release|x86.Build.0 = Release|Win32
	EndGlobalSection
	GlobalSection(SolutionProperties) = preSolution
		HideSolutionNode = FALSE
	EndGlobalSection
	GlobalSection(ExtensibilityGlobals) = postSolution
		SolutionGuid = {1D444DAC-14DC-435B-BE73-32DBD84E737D}
	EndGlobalSection
EndGlobal
